lockVersion: 2.0.0
id: f973dc21-d1bd-4e48-971a-a3918272099b
management:
  docChecksum: fee95c6ff60f75d0cd7df9b1bed48cae
  docVersion: "1"
  speakeasyVersion: 1.243.0
  generationVersion: 2.301.0
  releaseVersion: 0.2.1
  configChecksum: be2d777419fd307ff7600b337ececbe0
features:
  python:
    core: 4.6.4
    flattening: 2.81.1
    getRequestBodies: 2.81.1
    globalSecurity: 2.83.5
    globalServerURLs: 2.82.2
    responseFormat: 0.1.0
    retries: 2.82.1
generatedFiles:
  - src/shippo/sdkconfiguration.py
  - src/shippo/sdk.py
  - py.typed
  - pylintrc
  - setup.py
  - src/shippo/__init__.py
  - src/shippo/utils/__init__.py
  - src/shippo/utils/retries.py
  - src/shippo/utils/utils.py
  - src/shippo/models/errors/sdkerror.py
  - tests/helpers.py
  - src/shippo/models/operations/example.py
  - src/shippo/models/components/examplebody.py
  - src/shippo/models/components/security.py
  - src/shippo/models/__init__.py
  - src/shippo/models/errors/__init__.py
  - src/shippo/models/operations/__init__.py
  - src/shippo/models/components/__init__.py
  - docs/models/operations/examplerequest.md
  - docs/models/operations/exampleresponse.md
  - docs/models/components/examplebody.md
  - docs/models/components/security.md
  - docs/models/utils/retryconfig.md
  - docs/sdks/shippo/README.md
  - USAGE.md
  - .gitattributes
  - src/shippo/_hooks/sdkhooks.py
  - src/shippo/_hooks/types.py
  - src/shippo/_hooks/__init__.py
