lockVersion: 2.0.0
id: 85922509-020a-418e-97f0-5493d9f6a51f
management:
  docChecksum: 2e43d3398fa144b47605a58f53d1c60a
  docVersion: "1"
  speakeasyVersion: 1.296.1
  generationVersion: 2.338.1
  releaseVersion: 0.3.1
  configChecksum: 2cb144c5bc37b9ef1ac310bd235c76f7
features:
  java:
    additionalDependencies: 0.1.0
    core: 3.21.0
    flattening: 2.81.1
    globalSecurityCallbacks: 0.1.0
    globalServerURLs: 2.82.1
    globals: 2.82.1
    sdkHooks: 0.1.0
generatedFiles:
  - src/main/java/org/openapis/openapi/SecuritySource.java
  - src/main/java/org/openapis/openapi/models/components/Security.java
  - src/main/java/org/openapis/openapi/SDKConfiguration.java
  - src/main/java/org/openapis/openapi/models/operations/GetExampleRequestBuilder.java
  - src/main/java/org/openapis/openapi/models/operations/CreateExampleRequestBuilder.java
  - src/main/java/org/openapis/openapi/models/operations/SDKMethodInterfaces.java
  - src/main/java/org/openapis/openapi/SDK.java
  - .gitattributes
  - build.gradle
  - gradle/wrapper/gradle-wrapper.jar
  - gradle/wrapper/gradle-wrapper.properties
  - gradlew
  - gradlew.bat
  - settings.gradle
  - src/main/java/org/openapis/openapi/utils/BackoffStrategy.java
  - src/main/java/org/openapis/openapi/utils/BigDecimalString.java
  - src/main/java/org/openapis/openapi/utils/BigIntegerString.java
  - src/main/java/org/openapis/openapi/utils/Deserializers.java
  - src/main/java/org/openapis/openapi/utils/EventStream.java
  - src/main/java/org/openapis/openapi/utils/EventStreamLineReader.java
  - src/main/java/org/openapis/openapi/utils/EventStreamMessage.java
  - src/main/java/org/openapis/openapi/utils/EventStreamReader.java
  - src/main/java/org/openapis/openapi/utils/FormMetadata.java
  - src/main/java/org/openapis/openapi/utils/HTTPClient.java
  - src/main/java/org/openapis/openapi/utils/HTTPRequest.java
  - src/main/java/org/openapis/openapi/utils/HeaderMetadata.java
  - src/main/java/org/openapis/openapi/utils/Hook.java
  - src/main/java/org/openapis/openapi/utils/Hooks.java
  - src/main/java/org/openapis/openapi/utils/JSON.java
  - src/main/java/org/openapis/openapi/utils/LazySingletonValue.java
  - src/main/java/org/openapis/openapi/utils/Metadata.java
  - src/main/java/org/openapis/openapi/utils/MultipartFormMetadata.java
  - src/main/java/org/openapis/openapi/utils/OneOfDeserializer.java
  - src/main/java/org/openapis/openapi/utils/Options.java
  - src/main/java/org/openapis/openapi/utils/PathParamsMetadata.java
  - src/main/java/org/openapis/openapi/utils/QueryParameters.java
  - src/main/java/org/openapis/openapi/utils/QueryParamsMetadata.java
  - src/main/java/org/openapis/openapi/utils/RequestBody.java
  - src/main/java/org/openapis/openapi/utils/RequestMetadata.java
  - src/main/java/org/openapis/openapi/utils/Response.java
  - src/main/java/org/openapis/openapi/utils/Retries.java
  - src/main/java/org/openapis/openapi/utils/RetryConfig.java
  - src/main/java/org/openapis/openapi/utils/Security.java
  - src/main/java/org/openapis/openapi/utils/SecurityMetadata.java
  - src/main/java/org/openapis/openapi/utils/SerializedBody.java
  - src/main/java/org/openapis/openapi/utils/SpeakeasyHTTPClient.java
  - src/main/java/org/openapis/openapi/utils/SpeakeasyMetadata.java
  - src/main/java/org/openapis/openapi/utils/TypedObject.java
  - src/main/java/org/openapis/openapi/utils/Types.java
  - src/main/java/org/openapis/openapi/utils/Utils.java
  - src/main/java/org/openapis/openapi/models/errors/SDKError.java
  - src/main/java/org/openapis/openapi/models/operations/GetExampleRequest.java
  - src/main/java/org/openapis/openapi/models/operations/GetExampleResponse.java
  - src/main/java/org/openapis/openapi/models/operations/CreateExampleRequest.java
  - src/main/java/org/openapis/openapi/models/operations/CreateExampleResponse.java
  - src/main/java/org/openapis/openapi/models/components/ExampleBody.java
  - docs/models/operations/GetExampleRequest.md
  - docs/models/operations/GetExampleResponse.md
  - docs/models/operations/CreateExampleRequest.md
  - docs/models/operations/CreateExampleResponse.md
  - docs/models/components/ExampleBody.md
  - docs/sdks/sdk/README.md
  - USAGE.md
